
Microsoft Visual Studio Solution File, Format Version 12.00
# Visual Studio Version 17
VisualStudioVersion = 17.10.34928.147
MinimumVisualStudioVersion = 10.0.40219.1
Project("{9A19103F-16F7-4668-BE54-9A1E7A4F7556}") = "ShoppOnline", "ShoppOnline\ShoppOnline.csproj", "{C62D29A3-FAED-44B1-89ED-2A0E575A082B}"
EndProject
Project("{9A19103F-16F7-4668-BE54-9A1E7A4F7556}") = "ShopOnlineApi", "ShopOnlineApi\ShopOnlineApi.csproj", "{ED6ACE78-9284-4F6D-B5DA-204B021279C3}"
EndProject
Project("{9A19103F-16F7-4668-BE54-9A1E7A4F7556}") = "ShopOnlineModels", "ShopOnlineModels\ShopOnlineModels.csproj", "{664D0BF5-0713-4D68-BC31-F1EE0443B410}"
EndProject
Global
	GlobalSection(SolutionConfigurationPlatforms) = preSolution
		Debug|Any CPU = Debug|Any CPU
		Release|Any CPU = Release|Any CPU
	EndGlobalSection
	GlobalSection(ProjectConfigurationPlatforms) = postSolution
		{C62D29A3-FAED-44B1-89ED-2A0E575A082B}.Debug|Any CPU.ActiveCfg = Debug|Any CPU
		{C62D29A3-FAED-44B1-89ED-2A0E575A082B}.Debug|Any CPU.Build.0 = Debug|Any CPU
		{C62D29A3-FAED-44B1-89ED-2A0E575A082B}.Release|Any CPU.ActiveCfg = Release|Any CPU
		{C62D29A3-FAED-44B1-89ED-2A0E575A082B}.Release|Any CPU.Build.0 = Release|Any CPU
		{ED6ACE78-9284-4F6D-B5DA-204B021279C3}.Debug|Any CPU.ActiveCfg = Debug|Any CPU
		{ED6ACE78-9284-4F6D-B5DA-204B021279C3}.Debug|Any CPU.Build.0 = Debug|Any CPU
		{ED6ACE78-9284-4F6D-B5DA-204B021279C3}.Release|Any CPU.ActiveCfg = Release|Any CPU
		{ED6ACE78-9284-4F6D-B5DA-204B021279C3}.Release|Any CPU.Build.0 = Release|Any CPU
		{664D0BF5-0713-4D68-BC31-F1EE0443B410}.Debug|Any CPU.ActiveCfg = Debug|Any CPU
		{664D0BF5-0713-4D68-BC31-F1EE0443B410}.Debug|Any CPU.Build.0 = Debug|Any CPU
		{664D0BF5-0713-4D68-BC31-F1EE0443B410}.Release|Any CPU.ActiveCfg = Release|Any CPU
		{664D0BF5-0713-4D68-BC31-F1EE0443B410}.Release|Any CPU.Build.0 = Release|Any CPU
	EndGlobalSection
	GlobalSection(SolutionProperties) = preSolution
		HideSolutionNode = FALSE
	EndGlobalSection
	GlobalSection(ExtensibilityGlobals) = postSolution
		SolutionGuid = {47A4C5E8-42A7-4C95-8CA4-E903B20B2522}
	EndGlobalSection
EndGlobal
